
Microsoft Visual Studio Solution File, Format Version 12.00
# Visual Studio Version 17
VisualStudioVersion = 17.4.33213.308
MinimumVisualStudioVersion = 10.0.40219.1
Project("{FAE04EC0-301F-11D3-BF4B-00C04F79EFBC}") = "ProductManagementService", "ProductManagementService.csproj", "{180B77D8-4050-4312-B3EA-C875FDF27727}"
EndProject
Global
	GlobalSection(SolutionConfigurationPlatforms) = preSolution
		Debug|Any CPU = Debug|Any CPU
		Release|Any CPU = Release|Any CPU
	EndGlobalSection
	GlobalSection(ProjectConfigurationPlatforms) = postSolution
		{180B77D8-4050-4312-B3EA-C875FDF27727}.Debug|Any CPU.ActiveCfg = Debug|Any CPU
		{180B77D8-4050-4312-B3EA-C875FDF27727}.Debug|Any CPU.Build.0 = Debug|Any CPU
		{180B77D8-4050-4312-B3EA-C875FDF27727}.Release|Any CPU.ActiveCfg = Release|Any CPU
		{180B77D8-4050-4312-B3EA-C875FDF27727}.Release|Any CPU.Build.0 = Release|Any CPU
	EndGlobalSection
	GlobalSection(SolutionProperties) = preSolution
		HideSolutionNode = FALSE
	EndGlobalSection
	GlobalSection(ExtensibilityGlobals) = postSolution
		SolutionGuid = {F2E60130-294A-4B74-A2A3-0D4EDDB524A1}
	EndGlobalSection
EndGlobal
